PODS:
  - FDFullscreenPopGesture (1.1)
  - Toast (4.0.0)

DEPENDENCIES:
  - FDFullscreenPopGesture
  - Toast

SPEC REPOS:
  trunk:
    - FDFullscreenPopGesture
    - Toast

SPEC CHECKSUMS:
  FDFullscreenPopGesture: a8a620179e3d9c40e8e00256dcee1c1a27c6d0f0
  Toast: 91b396c56ee72a5790816f40d3a94dd357abc196

PODFILE CHECKSUM: 732ddaccf9b5180ebb221e7be6901d83afba2cb1

COCOAPODS: 1.9.3
